// !$*UTF8*$!
{
	archiveVersion = 1;
	classes = {
	};
	objectVersion = 50;
	objects = {

/* Begin PBXBuildFile section */
		86B86471264AE332002A3FBE /* AppDelegate.swift in Sources */ = {isa = PBXBuildFile; fileRef = 86B86470264AE332002A3FBE /* AppDelegate.swift */; };
		86B86473264AE332002A3FBE /* SceneDelegate.swift in Sources */ = {isa = PBXBuildFile; fileRef = 86B86472264AE332002A3FBE /* SceneDelegate.swift */; };
		86B86475264AE332002A3FBE /* ViewController.swift in Sources */ = {isa = PBXBuildFile; fileRef = 86B86474264AE332002A3FBE /* ViewController.swift */; };
		86B86478264AE332002A3FBE /* Main.storyboard in Resources */ = {isa = PBXBuildFile; fileRef = 86B86476264AE332002A3FBE /* Main.storyboard */; };
		86B8647A264AE336002A3FBE /* Assets.xcassets in Resources */ = {isa = PBXBuildFile; fileRef = 86B86479264AE336002A3FBE /* Assets.xcassets */; };
		86B8647D264AE336002A3FBE /* LaunchScreen.storyboard in Resources */ = {isa = PBXBuildFile; fileRef = 86B8647B264AE336002A3FBE /* LaunchScreen.storyboard */; };
		86B86486264AE396002A3FBE /* Question.swift in Sources */ = {isa = PBXBuildFile; fileRef = 86B86485264AE396002A3FBE /* Question.swift */; };
		86B86489264AE3A2002A3FBE /* QuizModel.swift in Sources */ = {isa = PBXBuildFile; fileRef = 86B86488264AE3A2002A3FBE /* QuizModel.swift */; };
		86B8648D264AE7FE002A3FBE /* QuestionData.json in Resources */ = {isa = PBXBuildFile; fileRef = 86B8648C264AE7FE002A3FBE /* QuestionData.json */; };
		86B864BB264B1FC1002A3FBE /* ResultViewController.swift in Sources */ = {isa = PBXBuildFile; fileRef = 86B864BA264B1FC1002A3FBE /* ResultViewController.swift */; };
		86B864BF264B2FED002A3FBE /* StateManager.swift in Sources */ = {isa = PBXBuildFile; fileRef = 86B864BE264B2FED002A3FBE /* StateManager.swift */; };
/* End PBXBuildFile section */

/* Begin PBXFileReference section */
		86B8646D264AE332002A3FBE /* QuizUIkit.app */ = {isa = PBXFileReference; explicitFileType = wrapper.application; includeInIndex = 0; path = QuizUIkit.app; sourceTree = BUILT_PRODUCTS_DIR; };
		86B86470264AE332002A3FBE /* AppDelegate.swift */ = {isa = PBXFileReference; lastKnownFileType = sourcecode.swift; path = AppDelegate.swift; sourceTree = "<group>"; };
		86B86472264AE332002A3FBE /* SceneDelegate.swift */ = {isa = PBXFileReference; lastKnownFileType = sourcecode.swift; path = SceneDelegate.swift; sourceTree = "<group>"; };
		86B86474264AE332002A3FBE /* ViewController.swift */ = {isa = PBXFileReference; lastKnownFileType = sourcecode.swift; path = ViewController.swift; sourceTree = "<group>"; };
		86B86477264AE332002A3FBE /* Base */ = {isa = PBXFileReference; lastKnownFileType = file.storyboard; name = Base; path = Base.lproj/Main.storyboard; sourceTree = "<group>"; };
		86B86479264AE336002A3FBE /* Assets.xcassets */ = {isa = PBXFileReference; lastKnownFileType = folder.assetcatalog; path = Assets.xcassets; sourceTree = "<group>"; };
		86B8647C264AE336002A3FBE /* Base */ = {isa = PBXFileReference; lastKnownFileType = file.storyboard; name = Base; path = Base.lproj/LaunchScreen.storyboard; sourceTree = "<group>"; };
		86B8647E264AE336002A3FBE /* Info.plist */ = {isa = PBXFileReference; lastKnownFileType = text.plist.xml; path = Info.plist; sourceTree = "<group>"; };
		86B86485264AE396002A3FBE /* Question.swift */ = {isa = PBXFileReference; lastKnownFileType = sourcecode.swift; path = Question.swift; sourceTree = "<group>"; };
		86B86488264AE3A2002A3FBE /* QuizModel.swift */ = {isa = PBXFileReference; lastKnownFileType = sourcecode.swift; path = QuizModel.swift; sourceTree = "<group>"; };
		86B8648C264AE7FE002A3FBE /* QuestionData.json */ = {isa = PBXFileReference; lastKnownFileType = text.json; path = QuestionData.json; sourceTree = "<group>"; };
		86B864BA264B1FC1002A3FBE /* ResultViewController.swift */ = {isa = PBXFileReference; lastKnownFileType = sourcecode.swift; path = ResultViewController.swift; sourceTree = "<group>"; };
		86B864BE264B2FED002A3FBE /* StateManager.swift */ = {isa = PBXFileReference; lastKnownFileType = sourcecode.swift; path = StateManager.swift; sourceTree = "<group>"; };
/* End PBXFileReference section */

/* Begin PBXFrameworksBuildPhase section */
		86B8646A264AE332002A3FBE /* Frameworks */ = {
			isa = PBXFrameworksBuildPhase;
			buildActionMask = 2147483647;
			files = (
			);
			runOnlyForDeploymentPostprocessing = 0;
		};
/* End PBXFrameworksBuildPhase section */

/* Begin PBXGroup section */
		86B86464264AE332002A3FBE = {
			isa = PBXGroup;
			children = (
				86B8646F264AE332002A3FBE /* QuizUIkit */,
				86B8646E264AE332002A3FBE /* Products */,
			);
			sourceTree = "<group>";
		};
		86B8646E264AE332002A3FBE /* Products */ = {
			isa = PBXGroup;
			children = (
				86B8646D264AE332002A3FBE /* QuizUIkit.app */,
			);
			name = Products;
			sourceTree = "<group>";
		};
		86B8646F264AE332002A3FBE /* QuizUIkit */ = {
			isa = PBXGroup;
			children = (
				86B86470264AE332002A3FBE /* AppDelegate.swift */,
				86B86472264AE332002A3FBE /* SceneDelegate.swift */,
				86B86474264AE332002A3FBE /* ViewController.swift */,
				86B864BA264B1FC1002A3FBE /* ResultViewController.swift */,
				86B864BE264B2FED002A3FBE /* StateManager.swift */,
				86B86485264AE396002A3FBE /* Question.swift */,
				86B86488264AE3A2002A3FBE /* QuizModel.swift */,
				86B86476264AE332002A3FBE /* Main.storyboard */,
				86B86479264AE336002A3FBE /* Assets.xcassets */,
				86B8647B264AE336002A3FBE /* LaunchScreen.storyboard */,
				86B8647E264AE336002A3FBE /* Info.plist */,
				86B8648C264AE7FE002A3FBE /* QuestionData.json */,
			);
			path = QuizUIkit;
			sourceTree = "<group>";
		};
/* End PBXGroup section */

/* Begin PBXNativeTarget section */
		86B8646C264AE332002A3FBE /* QuizUIkit */ = {
			isa = PBXNativeTarget;
			buildConfigurationList = 86B86481264AE336002A3FBE /* Build configuration list for PBXNativeTarget "QuizUIkit" */;
			buildPhases = (
				86B86469264AE332002A3FBE /* Sources */,
				86B8646A264AE332002A3FBE /* Frameworks */,
				86B8646B264AE332002A3FBE /* Resources */,
			);
			buildRules = (
			);
			dependencies = (
			);
			name = QuizUIkit;
			productName = QuizUIkit;
			productReference = 86B8646D264AE332002A3FBE /* QuizUIkit.app */;
			productType = "com.apple.product-type.application";
		};
/* End PBXNativeTarget section */

/* Begin PBXProject section */
		86B86465264AE332002A3FBE /* Project object */ = {
			isa = PBXProject;
			attributes = {
				LastSwiftUpdateCheck = 1240;
				LastUpgradeCheck = 1240;
				TargetAttributes = {
					86B8646C264AE332002A3FBE = {
						CreatedOnToolsVersion = 12.4;
					};
				};
			};
			buildConfigurationList = 86B86468264AE332002A3FBE /* Build configuration list for PBXProject "QuizUIkit" */;
			compatibilityVersion = "Xcode 9.3";
			developmentRegion = en;
			hasScannedForEncodings = 0;
			knownRegions = (
				en,
				Base,
			);
			mainGroup = 86B86464264AE332002A3FBE;
			productRefGroup = 86B8646E264AE332002A3FBE /* Products */;
			projectDirPath = "";
			projectRoot = "";
			targets = (
				86B8646C264AE332002A3FBE /* QuizUIkit */,
			);
		};
/* End PBXProject section */

/* Begin PBXResourcesBuildPhase section */
		86B8646B264AE332002A3FBE /* Resources */ = {
			isa = PBXResourcesBuildPhase;
			buildActionMask = 2147483647;
			files = (
				86B8647D264AE336002A3FBE /* LaunchScreen.storyboard in Resources */,
				86B8648D264AE7FE002A3FBE /* QuestionData.json in Resources */,
				86B8647A264AE336002A3FBE /* Assets.xcassets in Resources */,
				86B86478264AE332002A3FBE /* Main.storyboard in Resources */,
			);
			runOnlyForDeploymentPostprocessing = 0;
		};
/* End PBXResourcesBuildPhase section */

/* Begin PBXSourcesBuildPhase section */
		86B86469264AE332002A3FBE /* Sources */ = {
			isa = PBXSourcesBuildPhase;
			buildActionMask = 2147483647;
			files = (
				86B86475264AE332002A3FBE /* ViewController.swift in Sources */,
				86B86486264AE396002A3FBE /* Question.swift in Sources */,
				86B86471264AE332002A3FBE /* AppDelegate.swift in Sources */,
				86B864BF264B2FED002A3FBE /* StateManager.swift in Sources */,
				86B86473264AE332002A3FBE /* SceneDelegate.swift in Sources */,
				86B86489264AE3A2002A3FBE /* QuizModel.swift in Sources */,
				86B864BB264B1FC1002A3FBE /* ResultViewController.swift in Sources */,
			);
			runOnlyForDeploymentPostprocessing = 0;
		};
/* End PBXSourcesBuildPhase section */

/* Begin PBXVariantGroup section */
		86B86476264AE332002A3FBE /* Main.storyboard */ = {
			isa = PBXVariantGroup;
			children = (
				86B86477264AE332002A3FBE /* Base */,
			);
			name = Main.storyboard;
			sourceTree = "<group>";
		};
		86B8647B264AE336002A3FBE /* LaunchScreen.storyboard */ = {
			isa = PBXVariantGroup;
			children = (
				86B8647C264AE336002A3FBE /* Base */,
			);
			name = LaunchScreen.storyboard;
			sourceTree = "<group>";
		};
/* End PBXVariantGroup section */

/* Begin XCBuildConfiguration section */
		86B8647F264AE336002A3FBE /* Debug */ = {
			isa = XCBuildConfiguration;
			buildSettings = {
				ALWAYS_SEARCH_USER_PATHS = NO;
				CLANG_ANALYZER_NONNULL = YES;
				CLANG_ANALYZER_NUMBER_OBJECT_CONVERSION = YES_AGGRESSIVE;
				CLANG_CXX_LANGUAGE_STANDARD = "gnu++14";
				CLANG_CXX_LIBRARY = "libc++";
				CLANG_ENABLE_MODULES = YES;
				CLANG_ENABLE_OBJC_ARC = YES;
				CLANG_ENABLE_OBJC_WEAK = YES;
				CLANG_WARN_BLOCK_CAPTURE_AUTORELEASING = YES;
				CLANG_WARN_BOOL_CONVERSION = YES;
				CLANG_WARN_COMMA = YES;
				CLANG_WARN_CONSTANT_CONVERSION = YES;
				CLANG_WARN_DEPRECATED_OBJC_IMPLEMENTATIONS = YES;
				CLANG_WARN_DIRECT_OBJC_ISA_USAGE = YES_ERROR;
				CLANG_WARN_DOCUMENTATION_COMMENTS = YES;
				CLANG_WARN_EMPTY_BODY = YES;
				CLANG_WARN_ENUM_CONVERSION = YES;
				CLANG_WARN_INFINITE_RECURSION = YES;
				CLANG_WARN_INT_CONVERSION = YES;
				CLANG_WARN_NON_LITERAL_NULL_CONVERSION = YES;
				CLANG_WARN_OBJC_IMPLICIT_RETAIN_SELF = YES;
				CLANG_WARN_OBJC_LITERAL_CONVERSION = YES;
				CLANG_WARN_OBJC_ROOT_CLASS = YES_ERROR;
				CLANG_WARN_QUOTED_INCLUDE_IN_FRAMEWORK_HEADER = YES;
				CLANG_WARN_RANGE_LOOP_ANALYSIS = YES;
				CLANG_WARN_STRICT_PROTOTYPES = YES;
				CLANG_WARN_SUSPICIOUS_MOVE = YES;
				CLANG_WARN_UNGUARDED_AVAILABILITY = YES_AGGRESSIVE;
				CLANG_WARN_UNREACHABLE_CODE = YES;
				CLANG_WARN__DUPLICATE_METHOD_MATCH = YES;
				COPY_PHASE_STRIP = NO;
				DEBUG_INFORMATION_FORMAT = dwarf;
				ENABLE_STRICT_OBJC_MSGSEND = YES;
				ENABLE_TESTABILITY = YES;
				GCC_C_LANGUAGE_STANDARD = gnu11;
				GCC_DYNAMIC_NO_PIC = NO;
				GCC_NO_COMMON_BLOCKS = YES;
				GCC_OPTIMIZATION_LEVEL = 0;
				GCC_PREPROCESSOR_DEFINITIONS = (
					"DEBUG=1",
					"$(inherited)",
				);
				GCC_WARN_64_TO_32_BIT_CONVERSION = YES;
				GCC_WARN_ABOUT_RETURN_TYPE = YES_ERROR;
				GCC_WARN_UNDECLARED_SELECTOR = YES;
				GCC_WARN_UNINITIALIZED_AUTOS = YES_AGGRESSIVE;
				GCC_WARN_UNUSED_FUNCTION = YES;
				GCC_WARN_UNUSED_VARIABLE = YES;
				IPHONEOS_DEPLOYMENT_TARGET = 14.4;
				MTL_ENABLE_DEBUG_INFO = INCLUDE_SOURCE;
				MTL_FAST_MATH = YES;
				ONLY_ACTIVE_ARCH = YES;
				SDKROOT = iphoneos;
				SWIFT_ACTIVE_COMPILATION_CONDITIONS = DEBUG;
				SWIFT_OPTIMIZATION_LEVEL = "-Onone";
			};
			name = Debug;
		};
		86B86480264AE336002A3FBE /* Release */ = {
			isa = XCBuildConfiguration;
			buildSettings = {
				ALWAYS_SEARCH_USER_PATHS = NO;
				CLANG_ANALYZER_NONNULL = YES;
				CLANG_ANALYZER_NUMBER_OBJECT_CONVERSION = YES_AGGRESSIVE;
				CLANG_CXX_LANGUAGE_STANDARD = "gnu++14";
				CLANG_CXX_LIBRARY = "libc++";
				CLANG_ENABLE_MODULES = YES;
				CLANG_ENABLE_OBJC_ARC = YES;
				CLANG_ENABLE_OBJC_WEAK = YES;
				CLANG_WARN_BLOCK_CAPTURE_AUTORELEASING = YES;
				CLANG_WARN_BOOL_CONVERSION = YES;
				CLANG_WARN_COMMA = YES;
				CLANG_WARN_CONSTANT_CONVERSION = YES;
				CLANG_WARN_DEPRECATED_OBJC_IMPLEMENTATIONS = YES;
				CLANG_WARN_DIRECT_OBJC_ISA_USAGE = YES_ERROR;
				CLANG_WARN_DOCUMENTATION_COMMENTS = YES;
				CLANG_WARN_EMPTY_BODY = YES;
				CLANG_WARN_ENUM_CONVERSION = YES;
				CLANG_WARN_INFINITE_RECURSION = YES;
				CLANG_WARN_INT_CONVERSION = YES;
				CLANG_WARN_NON_LITERAL_NULL_CONVERSION = YES;
				CLANG_WARN_OBJC_IMPLICIT_RETAIN_SELF = YES;
				CLANG_WARN_OBJC_LITERAL_CONVERSION = YES;
				CLANG_WARN_OBJC_ROOT_CLASS = YES_ERROR;
				CLANG_WARN_QUOTED_INCLUDE_IN_FRAMEWORK_HEADER = YES;
				CLANG_WARN_RANGE_LOOP_ANALYSIS = YES;
				CLANG_WARN_STRICT_PROTOTYPES = YES;
				CLANG_WARN_SUSPICIOUS_MOVE = YES;
				CLANG_WARN_UNGUARDED_AVAILABILITY = YES_AGGRESSIVE;
				CLANG_WARN_UNREACHABLE_CODE = YES;
				CLANG_WARN__DUPLICATE_METHOD_MATCH = YES;
				COPY_PHASE_STRIP = NO;
				DEBUG_INFORMATION_FORMAT = "dwarf-with-dsym";
				ENABLE_NS_ASSERTIONS = NO;
				ENABLE_STRICT_OBJC_MSGSEND = YES;
				GCC_C_LANGUAGE_STANDARD = gnu11;
				GCC_NO_COMMON_BLOCKS = YES;
				GCC_WARN_64_TO_32_BIT_CONVERSION = YES;
				GCC_WARN_ABOUT_RETURN_TYPE = YES_ERROR;
				GCC_WARN_UNDECLARED_SELECTOR = YES;
				GCC_WARN_UNINITIALIZED_AUTOS = YES_AGGRESSIVE;
				GCC_WARN_UNUSED_FUNCTION = YES;
				GCC_WARN_UNUSED_VARIABLE = YES;
				IPHONEOS_DEPLOYMENT_TARGET = 14.4;
				MTL_ENABLE_DEBUG_INFO = NO;
				MTL_FAST_MATH = YES;
				SDKROOT = iphoneos;
				SWIFT_COMPILATION_MODE = wholemodule;
				SWIFT_OPTIMIZATION_LEVEL = "-O";
				VALIDATE_PRODUCT = YES;
			};
			name = Release;
		};
		86B86482264AE336002A3FBE /* Debug */ = {
			isa = XCBuildConfiguration;
			buildSettings = {
				ASSETCATALOG_COMPILER_APPICON_NAME = AppIcon;
				ASSETCATALOG_COMPILER_GLOBAL_ACCENT_COLOR_NAME = AccentColor;
				CODE_SIGN_STYLE = Automatic;
				DEVELOPMENT_TEAM = 6G55GN6D6R;
				INFOPLIST_FILE = QuizUIkit/Info.plist;
				LD_RUNPATH_SEARCH_PATHS = (
					"$(inherited)",
					"@executable_path/Frameworks",
				);
				PRODUCT_BUNDLE_IDENTIFIER = com.bdrouviere.QuizUIkit;
				PRODUCT_NAME = "$(TARGET_NAME)";
				SWIFT_VERSION = 5.0;
				TARGETED_DEVICE_FAMILY = "1,2";
			};
			name = Debug;
		};
		86B86483264AE336002A3FBE /* Release */ = {
			isa = XCBuildConfiguration;
			buildSettings = {
				ASSETCATALOG_COMPILER_APPICON_NAME = AppIcon;
				ASSETCATALOG_COMPILER_GLOBAL_ACCENT_COLOR_NAME = AccentColor;
				CODE_SIGN_STYLE = Automatic;
				DEVELOPMENT_TEAM = 6G55GN6D6R;
				INFOPLIST_FILE = QuizUIkit/Info.plist;
				LD_RUNPATH_SEARCH_PATHS = (
					"$(inherited)",
					"@executable_path/Frameworks",
				);
				PRODUCT_BUNDLE_IDENTIFIER = com.bdrouviere.QuizUIkit;
				PRODUCT_NAME = "$(TARGET_NAME)";
				SWIFT_VERSION = 5.0;
				TARGETED_DEVICE_FAMILY = "1,2";
			};
			name = Release;
		};
/* End XCBuildConfiguration section */

/* Begin XCConfigurationList section */
		86B86468264AE332002A3FBE /* Build configuration list for PBXProject "QuizUIkit" */ = {
			isa = XCConfigurationList;
			buildConfigurations = (
				86B8647F264AE336002A3FBE /* Debug */,
				86B86480264AE336002A3FBE /* Release */,
			);
			defaultConfigurationIsVisible = 0;
			defaultConfigurationName = Release;
		};
		86B86481264AE336002A3FBE /* Build configuration list for PBXNativeTarget "QuizUIkit" */ = {
			isa = XCConfigurationList;
			buildConfigurations = (
				86B86482264AE336002A3FBE /* Debug */,
				86B86483264AE336002A3FBE /* Release */,
			);
			defaultConfigurationIsVisible = 0;
			defaultConfigurationName = Release;
		};
/* End XCConfigurationList section */
	};
	rootObject = 86B86465264AE332002A3FBE /* Project object */;
}
